
Microsoft Visual Studio Solution File, Format Version 12.00
# Visual Studio Version 16
VisualStudioVersion = 16.0.31829.152
MinimumVisualStudioVersion = 10.0.40219.1
Project("{FAE04EC0-301F-11D3-BF4B-00C04F79EFBC}") = "hesap makinesi", "hesap makinesi.csproj", "{E6473DD6-E271-4B3E-BD29-AC331D723936}"
EndProject
Global
	GlobalSection(SolutionConfigurationPlatforms) = preSolution
		Debug|Any CPU = Debug|Any CPU
		Release|Any CPU = Release|Any CPU
	EndGlobalSection
	GlobalSection(ProjectConfigurationPlatforms) = postSolution
		{E6473DD6-E271-4B3E-BD29-AC331D723936}.Debug|Any CPU.ActiveCfg = Debug|Any CPU
		{E6473DD6-E271-4B3E-BD29-AC331D723936}.Debug|Any CPU.Build.0 = Debug|Any CPU
		{E6473DD6-E271-4B3E-BD29-AC331D723936}.Release|Any CPU.ActiveCfg = Release|Any CPU
		{E6473DD6-E271-4B3E-BD29-AC331D723936}.Release|Any CPU.Build.0 = Release|Any CPU
	EndGlobalSection
	GlobalSection(SolutionProperties) = preSolution
		HideSolutionNode = FALSE
	EndGlobalSection
	GlobalSection(ExtensibilityGlobals) = postSolution
		SolutionGuid = {EF064D76-A34C-4635-9C1C-9FB86A50AB1F}
	EndGlobalSection
EndGlobal
